
Microsoft Visual Studio Solution File, Format Version 12.00
# Visual Studio Version 16
VisualStudioVersion = 16.0.31624.102
MinimumVisualStudioVersion = 10.0.40219.1
Project("{FAE04EC0-301F-11D3-BF4B-00C04F79EFBC}") = "CashRegister", "CashRegister\CashRegister.csproj", "{AAF1AE74-7808-4C75-A7FC-ECBB46C3C7F8}"
EndProject
Project("{FAE04EC0-301F-11D3-BF4B-00C04F79EFBC}") = "CashRegister.Test.Unit", "CashRegister.Test.Unit\CashRegister.Test.Unit.csproj", "{77C875F2-6FCC-4C98-A28F-3FED085D346C}"
EndProject
Global
	GlobalSection(SolutionConfigurationPlatforms) = preSolution
		Debug|Any CPU = Debug|Any CPU
		Release|Any CPU = Release|Any CPU
	EndGlobalSection
	GlobalSection(ProjectConfigurationPlatforms) = postSolution
		{AAF1AE74-7808-4C75-A7FC-ECBB46C3C7F8}.Debug|Any CPU.ActiveCfg = Debug|Any CPU
		{AAF1AE74-7808-4C75-A7FC-ECBB46C3C7F8}.Debug|Any CPU.Build.0 = Debug|Any CPU
		{AAF1AE74-7808-4C75-A7FC-ECBB46C3C7F8}.Release|Any CPU.ActiveCfg = Release|Any CPU
		{AAF1AE74-7808-4C75-A7FC-ECBB46C3C7F8}.Release|Any CPU.Build.0 = Release|Any CPU
		{77C875F2-6FCC-4C98-A28F-3FED085D346C}.Debug|Any CPU.ActiveCfg = Debug|Any CPU
		{77C875F2-6FCC-4C98-A28F-3FED085D346C}.Debug|Any CPU.Build.0 = Debug|Any CPU
		{77C875F2-6FCC-4C98-A28F-3FED085D346C}.Release|Any CPU.ActiveCfg = Release|Any CPU
		{77C875F2-6FCC-4C98-A28F-3FED085D346C}.Release|Any CPU.Build.0 = Release|Any CPU
	EndGlobalSection
	GlobalSection(SolutionProperties) = preSolution
		HideSolutionNode = FALSE
	EndGlobalSection
	GlobalSection(ExtensibilityGlobals) = postSolution
		SolutionGuid = {6CCD8259-5E1B-4FFB-9881-8E57114209AA}
	EndGlobalSection
EndGlobal
